Microsoft Visual Studio Solution File, Format Version 12.00
# Visual Studio 14
VisualStudioVersion = 14.0.23107.0
MinimumVisualStudioVersion = 10.0.40219.1
Project("{2150E333-8FDC-42A3-9474-1A3956D46DE8}") = "CSUniversalAppEditableVector", "CSUniversalAppEditableVector", "{F2F7E945-98EA-4B30-8CDA-B38B5E867049}"
EndProject
Project("{D954291E-2A0B-460D-934E-DC6B0785DB48}") = "CSUniversalAppEditableVector.Shared", "CSUniversalAppEditableVector\CSUniversalAppEditableVector.Shared\CSUniversalAppEditableVector.Shared.shproj", "{845378D0-EE44-4A0B-9AEF-50647C9E8F57}"
EndProject
Project("{FAE04EC0-301F-11D3-BF4B-00C04F79EFBC}") = "CSUniversalAppEditableVector.Windows", "CSUniversalAppEditableVector\CSUniversalAppEditableVector.Windows\CSUniversalAppEditableVector.Windows.csproj", "{CB162932-0EDD-41AA-AF7B-705F60CBFF00}"
EndProject
Global
	GlobalSection(SharedMSBuildProjectFiles) = preSolution
		CSUniversalAppEditableVector\CSUniversalAppEditableVector.Shared\CSUniversalAppEditableVector.Shared.projitems*{cb162932-0edd-41aa-af7b-705f60cbff00}*SharedItemsImports = 4
		CSUniversalAppEditableVector\CSUniversalAppEditableVector.Shared\CSUniversalAppEditableVector.Shared.projitems*{845378d0-ee44-4a0b-9aef-50647c9e8f57}*SharedItemsImports = 13
	EndGlobalSection
	GlobalSection(SolutionConfigurationPlatforms) = preSolution
		Debug|Any CPU = Debug|Any CPU
		Debug|ARM = Debug|ARM
		Debug|x64 = Debug|x64
		Debug|x86 = Debug|x86
		Release|Any CPU = Release|Any CPU
		Release|ARM = Release|ARM
		Release|x64 = Release|x64
		Release|x86 = Release|x86
	EndGlobalSection
	GlobalSection(ProjectConfigurationPlatforms) = postSolution
		{CB162932-0EDD-41AA-AF7B-705F60CBFF00}.Debug|Any CPU.ActiveCfg = Debug|Any CPU
		{CB162932-0EDD-41AA-AF7B-705F60CBFF00}.Debug|Any CPU.Build.0 = Debug|Any CPU
		{CB162932-0EDD-41AA-AF7B-705F60CBFF00}.Debug|Any CPU.Deploy.0 = Debug|Any CPU
		{CB162932-0EDD-41AA-AF7B-705F60CBFF00}.Debug|ARM.ActiveCfg = Debug|ARM
		{CB162932-0EDD-41AA-AF7B-705F60CBFF00}.Debug|ARM.Build.0 = Debug|ARM
		{CB162932-0EDD-41AA-AF7B-705F60CBFF00}.Debug|ARM.Deploy.0 = Debug|ARM
		{CB162932-0EDD-41AA-AF7B-705F60CBFF00}.Debug|x64.ActiveCfg = Debug|x64
		{CB162932-0EDD-41AA-AF7B-705F60CBFF00}.Debug|x64.Build.0 = Debug|x64
		{CB162932-0EDD-41AA-AF7B-705F60CBFF00}.Debug|x64.Deploy.0 = Debug|x64
		{CB162932-0EDD-41AA-AF7B-705F60CBFF00}.Debug|x86.ActiveCfg = Debug|x86
		{CB162932-0EDD-41AA-AF7B-705F60CBFF00}.Debug|x86.Build.0 = Debug|x86
		{CB162932-0EDD-41AA-AF7B-705F60CBFF00}.Debug|x86.Deploy.0 = Debug|x86
		{CB162932-0EDD-41AA-AF7B-705F60CBFF00}.Release|Any CPU.ActiveCfg = Release|Any CPU
		{CB162932-0EDD-41AA-AF7B-705F60CBFF00}.Release|Any CPU.Build.0 = Release|Any CPU
		{CB162932-0EDD-41AA-AF7B-705F60CBFF00}.Release|Any CPU.Deploy.0 = Release|Any CPU
		{CB162932-0EDD-41AA-AF7B-705F60CBFF00}.Release|ARM.ActiveCfg = Release|ARM
		{CB162932-0EDD-41AA-AF7B-705F60CBFF00}.Release|ARM.Build.0 = Release|ARM
		{CB162932-0EDD-41AA-AF7B-705F60CBFF00}.Release|ARM.Deploy.0 = Release|ARM
		{CB162932-0EDD-41AA-AF7B-705F60CBFF00}.Release|x64.ActiveCfg = Release|x64
		{CB162932-0EDD-41AA-AF7B-705F60CBFF00}.Release|x64.Build.0 = Release|x64
		{CB162932-0EDD-41AA-AF7B-705F60CBFF00}.Release|x64.Deploy.0 = Release|x64
		{CB162932-0EDD-41AA-AF7B-705F60CBFF00}.Release|x86.ActiveCfg = Release|x86
		{CB162932-0EDD-41AA-AF7B-705F60CBFF00}.Release|x86.Build.0 = Release|x86
		{CB162932-0EDD-41AA-AF7B-705F60CBFF00}.Release|x86.Deploy.0 = Release|x86
	EndGlobalSection
	GlobalSection(SolutionProperties) = preSolution
		HideSolutionNode = FALSE
	EndGlobalSection
	GlobalSection(NestedProjects) = preSolution
		{845378D0-EE44-4A0B-9AEF-50647C9E8F57} = {F2F7E945-98EA-4B30-8CDA-B38B5E867049}
		{CB162932-0EDD-41AA-AF7B-705F60CBFF00} = {F2F7E945-98EA-4B30-8CDA-B38B5E867049}
	EndGlobalSection
EndGlobal
